// !$*UTF8*$!
{
	archiveVersion = 1;
	classes = {
	};
	objectVersion = 56;
	objects = {

/* Begin PBXBuildFile section */
		D847CFC729EFFDE6006A70B5 /* AppDelegate.swift in Sources */ = {isa = PBXBuildFile; fileRef = D847CFC629EFFDE6006A70B5 /* AppDelegate.swift */; };
		D847CFC929EFFDE6006A70B5 /* SceneDelegate.swift in Sources */ = {isa = PBXBuildFile; fileRef = D847CFC829EFFDE6006A70B5 /* SceneDelegate.swift */; };
		D847CFD329EFFDE7006A70B5 /* LaunchScreen.storyboard in Resources */ = {isa = PBXBuildFile; fileRef = D847CFD129EFFDE7006A70B5 /* LaunchScreen.storyboard */; };
		D847CFDE29EFFDE7006A70B5 /* ImageDownloaderTests.swift in Sources */ = {isa = PBXBuildFile; fileRef = D847CFDD29EFFDE7006A70B5 /* ImageDownloaderTests.swift */; };
		D847CFFB29EFFE34006A70B5 /* SearchResultsViewModel.swift in Sources */ = {isa = PBXBuildFile; fileRef = D847CFF629EFFE34006A70B5 /* SearchResultsViewModel.swift */; };
		D847CFFD29EFFE34006A70B5 /* SearchResult.swift in Sources */ = {isa = PBXBuildFile; fileRef = D847CFF829EFFE34006A70B5 /* SearchResult.swift */; };
		D847CFFE29EFFE34006A70B5 /* SearchResultsViewController.swift in Sources */ = {isa = PBXBuildFile; fileRef = D847CFF929EFFE34006A70B5 /* SearchResultsViewController.swift */; };
		D847CFFF29EFFE34006A70B5 /* SearchResullt+Extension.swift in Sources */ = {isa = PBXBuildFile; fileRef = D847CFFA29EFFE34006A70B5 /* SearchResullt+Extension.swift */; };
		F59610FC2A9E9F77003DAC80 /* SearchResultCell.swift in Sources */ = {isa = PBXBuildFile; fileRef = F59610FB2A9E9F77003DAC80 /* SearchResultCell.swift */; };
		F5A3EE882AA11B4C00FAF002 /* SearchResultsCellViewModel.swift in Sources */ = {isa = PBXBuildFile; fileRef = F5A3EE872AA11B4C00FAF002 /* SearchResultsCellViewModel.swift */; };
		F5A3EE8D2AA11F3000FAF002 /* SearchRequest.swift in Sources */ = {isa = PBXBuildFile; fileRef = F5A3EE8C2AA11F3000FAF002 /* SearchRequest.swift */; };
		F5A3EE8F2AA11FA700FAF002 /* RequestProtocol.swift in Sources */ = {isa = PBXBuildFile; fileRef = F5A3EE8E2AA11FA700FAF002 /* RequestProtocol.swift */; };
		F5A3EE912AA124CC00FAF002 /* ImageRequest.swift in Sources */ = {isa = PBXBuildFile; fileRef = F5A3EE902AA124CB00FAF002 /* ImageRequest.swift */; };
		F5A3EE932AA1278D00FAF002 /* NetworkService.swift in Sources */ = {isa = PBXBuildFile; fileRef = F5A3EE922AA1278D00FAF002 /* NetworkService.swift */; };
		F5A3EE962AA1392200FAF002 /* ImageDownloader.swift in Sources */ = {isa = PBXBuildFile; fileRef = F5A3EE952AA1392200FAF002 /* ImageDownloader.swift */; };
		F5A3EE992AA147A000FAF002 /* Injector.swift in Sources */ = {isa = PBXBuildFile; fileRef = F5A3EE982AA147A000FAF002 /* Injector.swift */; };
		F5A3EE9B2AA183C500FAF002 /* SearchResultViewModelTests.swift in Sources */ = {isa = PBXBuildFile; fileRef = F5A3EE9A2AA183C500FAF002 /* SearchResultViewModelTests.swift */; };
		F5A3EE9D2AA183EA00FAF002 /* SearchResultCellViewModelTests.swift in Sources */ = {isa = PBXBuildFile; fileRef = F5A3EE9C2AA183EA00FAF002 /* SearchResultCellViewModelTests.swift */; };
		F5A3EE9F2AA2186000FAF002 /* NetworkServiceMock.swift in Sources */ = {isa = PBXBuildFile; fileRef = F5A3EE9E2AA2186000FAF002 /* NetworkServiceMock.swift */; };
		F5D39EF02AA62E1700AFB46E /* ResponseMockData.swift in Sources */ = {isa = PBXBuildFile; fileRef = F5D39EEF2AA62E1700AFB46E /* ResponseMockData.swift */; };
/* End PBXBuildFile section */

/* Begin PBXContainerItemProxy section */
		D847CFDA29EFFDE7006A70B5 /* PBXContainerItemProxy */ = {
			isa = PBXContainerItemProxy;
			containerPortal = D847CFBB29EFFDE6006A70B5 /* Project object */;
			proxyType = 1;
			remoteGlobalIDString = D847CFC229EFFDE6006A70B5;
			remoteInfo = StorytelApp;
		};
/* End PBXContainerItemProxy section */

/* Begin PBXFileReference section */
		D847CFC329EFFDE6006A70B5 /* StorytelApp.app */ = {isa = PBXFileReference; explicitFileType = wrapper.application; includeInIndex = 0; path = StorytelApp.app; sourceTree = BUILT_PRODUCTS_DIR; };
		D847CFC629EFFDE6006A70B5 /* AppDelegate.swift */ = {isa = PBXFileReference; lastKnownFileType = sourcecode.swift; path = AppDelegate.swift; sourceTree = "<group>"; };
		D847CFC829EFFDE6006A70B5 /* SceneDelegate.swift */ = {isa = PBXFileReference; lastKnownFileType = sourcecode.swift; path = SceneDelegate.swift; sourceTree = "<group>"; };
		D847CFD229EFFDE7006A70B5 /* Base */ = {isa = PBXFileReference; lastKnownFileType = file.storyboard; name = Base; path = Base.lproj/LaunchScreen.storyboard; sourceTree = "<group>"; };
		D847CFD429EFFDE7006A70B5 /* Info.plist */ = {isa = PBXFileReference; lastKnownFileType = text.plist.xml; path = Info.plist; sourceTree = "<group>"; };
		D847CFD929EFFDE7006A70B5 /* StorytelAppTests.xctest */ = {isa = PBXFileReference; explicitFileType = wrapper.cfbundle; includeInIndex = 0; path = StorytelAppTests.xctest; sourceTree = BUILT_PRODUCTS_DIR; };
		D847CFDD29EFFDE7006A70B5 /* ImageDownloaderTests.swift */ = {isa = PBXFileReference; lastKnownFileType = sourcecode.swift; path = ImageDownloaderTests.swift; sourceTree = "<group>"; };
		D847CFF629EFFE34006A70B5 /* SearchResultsViewModel.swift */ = {isa = PBXFileReference; fileEncoding = 4; lastKnownFileType = sourcecode.swift; path = SearchResultsViewModel.swift; sourceTree = "<group>"; };
		D847CFF829EFFE34006A70B5 /* SearchResult.swift */ = {isa = PBXFileReference; fileEncoding = 4; lastKnownFileType = sourcecode.swift; path = SearchResult.swift; sourceTree = "<group>"; };
		D847CFF929EFFE34006A70B5 /* SearchResultsViewController.swift */ = {isa = PBXFileReference; fileEncoding = 4; lastKnownFileType = sourcecode.swift; path = SearchResultsViewController.swift; sourceTree = "<group>"; };
		D847CFFA29EFFE34006A70B5 /* SearchResullt+Extension.swift */ = {isa = PBXFileReference; fileEncoding = 4; lastKnownFileType = sourcecode.swift; path = "SearchResullt+Extension.swift"; sourceTree = "<group>"; };
		D847D00029EFFF81006A70B5 /* README.md */ = {isa = PBXFileReference; lastKnownFileType = net.daringfireball.markdown; path = README.md; sourceTree = "<group>"; };
		F59610FB2A9E9F77003DAC80 /* SearchResultCell.swift */ = {isa = PBXFileReference; lastKnownFileType = sourcecode.swift; path = SearchResultCell.swift; sourceTree = "<group>"; };
		F5A3EE872AA11B4C00FAF002 /* SearchResultsCellViewModel.swift */ = {isa = PBXFileReference; lastKnownFileType = sourcecode.swift; path = SearchResultsCellViewModel.swift; sourceTree = "<group>"; };
		F5A3EE8C2AA11F3000FAF002 /* SearchRequest.swift */ = {isa = PBXFileReference; lastKnownFileType = sourcecode.swift; path = SearchRequest.swift; sourceTree = "<group>"; };
		F5A3EE8E2AA11FA700FAF002 /* RequestProtocol.swift */ = {isa = PBXFileReference; lastKnownFileType = sourcecode.swift; path = RequestProtocol.swift; sourceTree = "<group>"; };
		F5A3EE902AA124CB00FAF002 /* ImageRequest.swift */ = {isa = PBXFileReference; lastKnownFileType = sourcecode.swift; path = ImageRequest.swift; sourceTree = "<group>"; };
		F5A3EE922AA1278D00FAF002 /* NetworkService.swift */ = {isa = PBXFileReference; lastKnownFileType = sourcecode.swift; path = NetworkService.swift; sourceTree = "<group>"; };
		F5A3EE952AA1392200FAF002 /* ImageDownloader.swift */ = {isa = PBXFileReference; lastKnownFileType = sourcecode.swift; path = ImageDownloader.swift; sourceTree = "<group>"; };
		F5A3EE982AA147A000FAF002 /* Injector.swift */ = {isa = PBXFileReference; lastKnownFileType = sourcecode.swift; path = Injector.swift; sourceTree = "<group>"; };
		F5A3EE9A2AA183C500FAF002 /* SearchResultViewModelTests.swift */ = {isa = PBXFileReference; lastKnownFileType = sourcecode.swift; path = SearchResultViewModelTests.swift; sourceTree = "<group>"; };
		F5A3EE9C2AA183EA00FAF002 /* SearchResultCellViewModelTests.swift */ = {isa = PBXFileReference; lastKnownFileType = sourcecode.swift; path = SearchResultCellViewModelTests.swift; sourceTree = "<group>"; };
		F5A3EE9E2AA2186000FAF002 /* NetworkServiceMock.swift */ = {isa = PBXFileReference; lastKnownFileType = sourcecode.swift; path = NetworkServiceMock.swift; sourceTree = "<group>"; };
		F5D39EEF2AA62E1700AFB46E /* ResponseMockData.swift */ = {isa = PBXFileReference; lastKnownFileType = sourcecode.swift; path = ResponseMockData.swift; sourceTree = "<group>"; };
/* End PBXFileReference section */

/* Begin PBXFrameworksBuildPhase section */
		D847CFC029EFFDE6006A70B5 /* Frameworks */ = {
			isa = PBXFrameworksBuildPhase;
			buildActionMask = 2147483647;
			files = (
			);
			runOnlyForDeploymentPostprocessing = 0;
		};
		D847CFD629EFFDE7006A70B5 /* Frameworks */ = {
			isa = PBXFrameworksBuildPhase;
			buildActionMask = 2147483647;
			files = (
			);
			runOnlyForDeploymentPostprocessing = 0;
		};
/* End PBXFrameworksBuildPhase section */

/* Begin PBXGroup section */
		D847CFBA29EFFDE6006A70B5 = {
			isa = PBXGroup;
			children = (
				D847D00029EFFF81006A70B5 /* README.md */,
				D847CFC529EFFDE6006A70B5 /* StorytelApp */,
				D847CFDC29EFFDE7006A70B5 /* StorytelAppTests */,
				D847CFC429EFFDE6006A70B5 /* Products */,
			);
			sourceTree = "<group>";
		};
		D847CFC429EFFDE6006A70B5 /* Products */ = {
			isa = PBXGroup;
			children = (
				D847CFC329EFFDE6006A70B5 /* StorytelApp.app */,
				D847CFD929EFFDE7006A70B5 /* StorytelAppTests.xctest */,
			);
			name = Products;
			sourceTree = "<group>";
		};
		D847CFC529EFFDE6006A70B5 /* StorytelApp */ = {
			isa = PBXGroup;
			children = (
				F5A3EE972AA1478F00FAF002 /* DependencyInjection */,
				F5A3EE942AA138CC00FAF002 /* ImageDownloader */,
				F5A3EE8A2AA11EF000FAF002 /* Network Service */,
				F5A3EE842AA11AE700FAF002 /* View Models */,
				F5A3EE832AA11ABA00FAF002 /* User Interface */,
				F5A3EE822AA11A9400FAF002 /* Data Models */,
				D847CFC629EFFDE6006A70B5 /* AppDelegate.swift */,
				D847CFC829EFFDE6006A70B5 /* SceneDelegate.swift */,
				D847CFD129EFFDE7006A70B5 /* LaunchScreen.storyboard */,
				D847CFD429EFFDE7006A70B5 /* Info.plist */,
			);
			path = StorytelApp;
			sourceTree = "<group>";
		};
		D847CFDC29EFFDE7006A70B5 /* StorytelAppTests */ = {
			isa = PBXGroup;
			children = (
				D847CFDD29EFFDE7006A70B5 /* ImageDownloaderTests.swift */,
				F5A3EE9A2AA183C500FAF002 /* SearchResultViewModelTests.swift */,
				F5A3EE9C2AA183EA00FAF002 /* SearchResultCellViewModelTests.swift */,
				F5A3EE9E2AA2186000FAF002 /* NetworkServiceMock.swift */,
				F5D39EEF2AA62E1700AFB46E /* ResponseMockData.swift */,
			);
			path = StorytelAppTests;
			sourceTree = "<group>";
		};
		F5A3EE822AA11A9400FAF002 /* Data Models */ = {
			isa = PBXGroup;
			children = (
				F5A3EE862AA11B2400FAF002 /* Search Results */,
			);
			path = "Data Models";
			sourceTree = "<group>";
		};
		F5A3EE832AA11ABA00FAF002 /* User Interface */ = {
			isa = PBXGroup;
			children = (
				F5A3EE852AA11AF900FAF002 /* Search Results */,
			);
			path = "User Interface";
			sourceTree = "<group>";
		};
		F5A3EE842AA11AE700FAF002 /* View Models */ = {
			isa = PBXGroup;
			children = (
				F5A3EE892AA11B5600FAF002 /* Search Results */,
			);
			path = "View Models";
			sourceTree = "<group>";
		};
		F5A3EE852AA11AF900FAF002 /* Search Results */ = {
			isa = PBXGroup;
			children = (
				D847CFF929EFFE34006A70B5 /* SearchResultsViewController.swift */,
				F59610FB2A9E9F77003DAC80 /* SearchResultCell.swift */,
			);
			path = "Search Results";
			sourceTree = "<group>";
		};
		F5A3EE862AA11B2400FAF002 /* Search Results */ = {
			isa = PBXGroup;
			children = (
				D847CFF829EFFE34006A70B5 /* SearchResult.swift */,
				D847CFFA29EFFE34006A70B5 /* SearchResullt+Extension.swift */,
			);
			path = "Search Results";
			sourceTree = "<group>";
		};
		F5A3EE892AA11B5600FAF002 /* Search Results */ = {
			isa = PBXGroup;
			children = (
				F5A3EE872AA11B4C00FAF002 /* SearchResultsCellViewModel.swift */,
				D847CFF629EFFE34006A70B5 /* SearchResultsViewModel.swift */,
			);
			path = "Search Results";
			sourceTree = "<group>";
		};
		F5A3EE8A2AA11EF000FAF002 /* Network Service */ = {
			isa = PBXGroup;
			children = (
				F5A3EE8B2AA11F0600FAF002 /* Requests */,
				F5A3EE922AA1278D00FAF002 /* NetworkService.swift */,
			);
			path = "Network Service";
			sourceTree = "<group>";
		};
		F5A3EE8B2AA11F0600FAF002 /* Requests */ = {
			isa = PBXGroup;
			children = (
				F5A3EE8C2AA11F3000FAF002 /* SearchRequest.swift */,
				F5A3EE8E2AA11FA700FAF002 /* RequestProtocol.swift */,
				F5A3EE902AA124CB00FAF002 /* ImageRequest.swift */,
			);
			path = Requests;
			sourceTree = "<group>";
		};
		F5A3EE942AA138CC00FAF002 /* ImageDownloader */ = {
			isa = PBXGroup;
			children = (
				F5A3EE952AA1392200FAF002 /* ImageDownloader.swift */,
			);
			path = ImageDownloader;
			sourceTree = "<group>";
		};
		F5A3EE972AA1478F00FAF002 /* DependencyInjection */ = {
			isa = PBXGroup;
			children = (
				F5A3EE982AA147A000FAF002 /* Injector.swift */,
			);
			path = DependencyInjection;
			sourceTree = "<group>";
		};
/* End PBXGroup section */

/* Begin PBXNativeTarget section */
		D847CFC229EFFDE6006A70B5 /* StorytelApp */ = {
			isa = PBXNativeTarget;
			buildConfigurationList = D847CFED29EFFDE7006A70B5 /* Build configuration list for PBXNativeTarget "StorytelApp" */;
			buildPhases = (
				D847CFBF29EFFDE6006A70B5 /* Sources */,
				D847CFC029EFFDE6006A70B5 /* Frameworks */,
				D847CFC129EFFDE6006A70B5 /* Resources */,
			);
			buildRules = (
			);
			dependencies = (
			);
			name = StorytelApp;
			productName = StorytelApp;
			productReference = D847CFC329EFFDE6006A70B5 /* StorytelApp.app */;
			productType = "com.apple.product-type.application";
		};
		D847CFD829EFFDE7006A70B5 /* StorytelAppTests */ = {
			isa = PBXNativeTarget;
			buildConfigurationList = D847CFF029EFFDE7006A70B5 /* Build configuration list for PBXNativeTarget "StorytelAppTests" */;
			buildPhases = (
				D847CFD529EFFDE7006A70B5 /* Sources */,
				D847CFD629EFFDE7006A70B5 /* Frameworks */,
				D847CFD729EFFDE7006A70B5 /* Resources */,
			);
			buildRules = (
			);
			dependencies = (
				D847CFDB29EFFDE7006A70B5 /* PBXTargetDependency */,
			);
			name = StorytelAppTests;
			productName = StorytelAppTests;
			productReference = D847CFD929EFFDE7006A70B5 /* StorytelAppTests.xctest */;
			productType = "com.apple.product-type.bundle.unit-test";
		};
/* End PBXNativeTarget section */

/* Begin PBXProject section */
		D847CFBB29EFFDE6006A70B5 /* Project object */ = {
			isa = PBXProject;
			attributes = {
				BuildIndependentTargetsInParallel = 1;
				LastSwiftUpdateCheck = 1430;
				LastUpgradeCheck = 1430;
				TargetAttributes = {
					D847CFC229EFFDE6006A70B5 = {
						CreatedOnToolsVersion = 14.3;
					};
					D847CFD829EFFDE7006A70B5 = {
						CreatedOnToolsVersion = 14.3;
						TestTargetID = D847CFC229EFFDE6006A70B5;
					};
				};
			};
			buildConfigurationList = D847CFBE29EFFDE6006A70B5 /* Build configuration list for PBXProject "StorytelApp" */;
			compatibilityVersion = "Xcode 14.0";
			developmentRegion = en;
			hasScannedForEncodings = 0;
			knownRegions = (
				en,
				Base,
			);
			mainGroup = D847CFBA29EFFDE6006A70B5;
			productRefGroup = D847CFC429EFFDE6006A70B5 /* Products */;
			projectDirPath = "";
			projectRoot = "";
			targets = (
				D847CFC229EFFDE6006A70B5 /* StorytelApp */,
				D847CFD829EFFDE7006A70B5 /* StorytelAppTests */,
			);
		};
/* End PBXProject section */

/* Begin PBXResourcesBuildPhase section */
		D847CFC129EFFDE6006A70B5 /* Resources */ = {
			isa = PBXResourcesBuildPhase;
			buildActionMask = 2147483647;
			files = (
				D847CFD329EFFDE7006A70B5 /* LaunchScreen.storyboard in Resources */,
			);
			runOnlyForDeploymentPostprocessing = 0;
		};
		D847CFD729EFFDE7006A70B5 /* Resources */ = {
			isa = PBXResourcesBuildPhase;
			buildActionMask = 2147483647;
			files = (
			);
			runOnlyForDeploymentPostprocessing = 0;
		};
/* End PBXResourcesBuildPhase section */

/* Begin PBXSourcesBuildPhase section */
		D847CFBF29EFFDE6006A70B5 /* Sources */ = {
			isa = PBXSourcesBuildPhase;
			buildActionMask = 2147483647;
			files = (
				D847CFC729EFFDE6006A70B5 /* AppDelegate.swift in Sources */,
				F5A3EE912AA124CC00FAF002 /* ImageRequest.swift in Sources */,
				F5A3EE962AA1392200FAF002 /* ImageDownloader.swift in Sources */,
				D847CFFE29EFFE34006A70B5 /* SearchResultsViewController.swift in Sources */,
				D847CFC929EFFDE6006A70B5 /* SceneDelegate.swift in Sources */,
				F5A3EE8D2AA11F3000FAF002 /* SearchRequest.swift in Sources */,
				D847CFFD29EFFE34006A70B5 /* SearchResult.swift in Sources */,
				D847CFFB29EFFE34006A70B5 /* SearchResultsViewModel.swift in Sources */,
				F5A3EE8F2AA11FA700FAF002 /* RequestProtocol.swift in Sources */,
				F5A3EE992AA147A000FAF002 /* Injector.swift in Sources */,
				F5A3EE882AA11B4C00FAF002 /* SearchResultsCellViewModel.swift in Sources */,
				F59610FC2A9E9F77003DAC80 /* SearchResultCell.swift in Sources */,
				F5A3EE932AA1278D00FAF002 /* NetworkService.swift in Sources */,
				D847CFFF29EFFE34006A70B5 /* SearchResullt+Extension.swift in Sources */,
			);
			runOnlyForDeploymentPostprocessing = 0;
		};
		D847CFD529EFFDE7006A70B5 /* Sources */ = {
			isa = PBXSourcesBuildPhase;
			buildActionMask = 2147483647;
			files = (
				F5A3EE9F2AA2186000FAF002 /* NetworkServiceMock.swift in Sources */,
				F5A3EE9B2AA183C500FAF002 /* SearchResultViewModelTests.swift in Sources */,
				F5D39EF02AA62E1700AFB46E /* ResponseMockData.swift in Sources */,
				F5A3EE9D2AA183EA00FAF002 /* SearchResultCellViewModelTests.swift in Sources */,
				D847CFDE29EFFDE7006A70B5 /* ImageDownloaderTests.swift in Sources */,
			);
			runOnlyForDeploymentPostprocessing = 0;
		};
/* End PBXSourcesBuildPhase section */

/* Begin PBXTargetDependency section */
		D847CFDB29EFFDE7006A70B5 /* PBXTargetDependency */ = {
			isa = PBXTargetDependency;
			target = D847CFC229EFFDE6006A70B5 /* StorytelApp */;
			targetProxy = D847CFDA29EFFDE7006A70B5 /* PBXContainerItemProxy */;
		};
/* End PBXTargetDependency section */

/* Begin PBXVariantGroup section */
		D847CFD129EFFDE7006A70B5 /* LaunchScreen.storyboard */ = {
			isa = PBXVariantGroup;
			children = (
				D847CFD229EFFDE7006A70B5 /* Base */,
			);
			name = LaunchScreen.storyboard;
			sourceTree = "<group>";
		};
/* End PBXVariantGroup section */

/* Begin XCBuildConfiguration section */
		D847CFEB29EFFDE7006A70B5 /* Debug */ = {
			isa = XCBuildConfiguration;
			buildSettings = {
				ALWAYS_SEARCH_USER_PATHS = NO;
				CLANG_ANALYZER_NONNULL = YES;
				CLANG_ANALYZER_NUMBER_OBJECT_CONVERSION = YES_AGGRESSIVE;
				CLANG_CXX_LANGUAGE_STANDARD = "gnu++20";
				CLANG_ENABLE_MODULES = YES;
				CLANG_ENABLE_OBJC_ARC = YES;
				CLANG_ENABLE_OBJC_WEAK = YES;
				CLANG_WARN_BLOCK_CAPTURE_AUTORELEASING = YES;
				CLANG_WARN_BOOL_CONVERSION = YES;
				CLANG_WARN_COMMA = YES;
				CLANG_WARN_CONSTANT_CONVERSION = YES;
				CLANG_WARN_DEPRECATED_OBJC_IMPLEMENTATIONS = YES;
				CLANG_WARN_DIRECT_OBJC_ISA_USAGE = YES_ERROR;
				CLANG_WARN_DOCUMENTATION_COMMENTS = YES;
				CLANG_WARN_EMPTY_BODY = YES;
				CLANG_WARN_ENUM_CONVERSION = YES;
				CLANG_WARN_INFINITE_RECURSION = YES;
				CLANG_WARN_INT_CONVERSION = YES;
				CLANG_WARN_NON_LITERAL_NULL_CONVERSION = YES;
				CLANG_WARN_OBJC_IMPLICIT_RETAIN_SELF = YES;
				CLANG_WARN_OBJC_LITERAL_CONVERSION = YES;
				CLANG_WARN_OBJC_ROOT_CLASS = YES_ERROR;
				CLANG_WARN_QUOTED_INCLUDE_IN_FRAMEWORK_HEADER = YES;
				CLANG_WARN_RANGE_LOOP_ANALYSIS = YES;
				CLANG_WARN_STRICT_PROTOTYPES = YES;
				CLANG_WARN_SUSPICIOUS_MOVE = YES;
				CLANG_WARN_UNGUARDED_AVAILABILITY = YES_AGGRESSIVE;
				CLANG_WARN_UNREACHABLE_CODE = YES;
				CLANG_WARN__DUPLICATE_METHOD_MATCH = YES;
				COPY_PHASE_STRIP = NO;
				DEBUG_INFORMATION_FORMAT = dwarf;
				ENABLE_STRICT_OBJC_MSGSEND = YES;
				ENABLE_TESTABILITY = YES;
				GCC_C_LANGUAGE_STANDARD = gnu11;
				GCC_DYNAMIC_NO_PIC = NO;
				GCC_NO_COMMON_BLOCKS = YES;
				GCC_OPTIMIZATION_LEVEL = 0;
				GCC_PREPROCESSOR_DEFINITIONS = (
					"DEBUG=1",
					"$(inherited)",
				);
				GCC_WARN_64_TO_32_BIT_CONVERSION = YES;
				GCC_WARN_ABOUT_RETURN_TYPE = YES_ERROR;
				GCC_WARN_UNDECLARED_SELECTOR = YES;
				GCC_WARN_UNINITIALIZED_AUTOS = YES_AGGRESSIVE;
				GCC_WARN_UNUSED_FUNCTION = YES;
				GCC_WARN_UNUSED_VARIABLE = YES;
				IPHONEOS_DEPLOYMENT_TARGET = 16.4;
				MTL_ENABLE_DEBUG_INFO = INCLUDE_SOURCE;
				MTL_FAST_MATH = YES;
				ONLY_ACTIVE_ARCH = YES;
				SDKROOT = iphoneos;
				SWIFT_ACTIVE_COMPILATION_CONDITIONS = DEBUG;
				SWIFT_OPTIMIZATION_LEVEL = "-Onone";
			};
			name = Debug;
		};
		D847CFEC29EFFDE7006A70B5 /* Release */ = {
			isa = XCBuildConfiguration;
			buildSettings = {
				ALWAYS_SEARCH_USER_PATHS = NO;
				CLANG_ANALYZER_NONNULL = YES;
				CLANG_ANALYZER_NUMBER_OBJECT_CONVERSION = YES_AGGRESSIVE;
				CLANG_CXX_LANGUAGE_STANDARD = "gnu++20";
				CLANG_ENABLE_MODULES = YES;
				CLANG_ENABLE_OBJC_ARC = YES;
				CLANG_ENABLE_OBJC_WEAK = YES;
				CLANG_WARN_BLOCK_CAPTURE_AUTORELEASING = YES;
				CLANG_WARN_BOOL_CONVERSION = YES;
				CLANG_WARN_COMMA = YES;
				CLANG_WARN_CONSTANT_CONVERSION = YES;
				CLANG_WARN_DEPRECATED_OBJC_IMPLEMENTATIONS = YES;
				CLANG_WARN_DIRECT_OBJC_ISA_USAGE = YES_ERROR;
				CLANG_WARN_DOCUMENTATION_COMMENTS = YES;
				CLANG_WARN_EMPTY_BODY = YES;
				CLANG_WARN_ENUM_CONVERSION = YES;
				CLANG_WARN_INFINITE_RECURSION = YES;
				CLANG_WARN_INT_CONVERSION = YES;
				CLANG_WARN_NON_LITERAL_NULL_CONVERSION = YES;
				CLANG_WARN_OBJC_IMPLICIT_RETAIN_SELF = YES;
				CLANG_WARN_OBJC_LITERAL_CONVERSION = YES;
				CLANG_WARN_OBJC_ROOT_CLASS = YES_ERROR;
				CLANG_WARN_QUOTED_INCLUDE_IN_FRAMEWORK_HEADER = YES;
				CLANG_WARN_RANGE_LOOP_ANALYSIS = YES;
				CLANG_WARN_STRICT_PROTOTYPES = YES;
				CLANG_WARN_SUSPICIOUS_MOVE = YES;
				CLANG_WARN_UNGUARDED_AVAILABILITY = YES_AGGRESSIVE;
				CLANG_WARN_UNREACHABLE_CODE = YES;
				CLANG_WARN__DUPLICATE_METHOD_MATCH = YES;
				COPY_PHASE_STRIP = NO;
				DEBUG_INFORMATION_FORMAT = "dwarf-with-dsym";
				ENABLE_NS_ASSERTIONS = NO;
				ENABLE_STRICT_OBJC_MSGSEND = YES;
				GCC_C_LANGUAGE_STANDARD = gnu11;
				GCC_NO_COMMON_BLOCKS = YES;
				GCC_WARN_64_TO_32_BIT_CONVERSION = YES;
				GCC_WARN_ABOUT_RETURN_TYPE = YES_ERROR;
				GCC_WARN_UNDECLARED_SELECTOR = YES;
				GCC_WARN_UNINITIALIZED_AUTOS = YES_AGGRESSIVE;
				GCC_WARN_UNUSED_FUNCTION = YES;
				GCC_WARN_UNUSED_VARIABLE = YES;
				IPHONEOS_DEPLOYMENT_TARGET = 16.4;
				MTL_ENABLE_DEBUG_INFO = NO;
				MTL_FAST_MATH = YES;
				SDKROOT = iphoneos;
				SWIFT_COMPILATION_MODE = wholemodule;
				SWIFT_OPTIMIZATION_LEVEL = "-O";
				VALIDATE_PRODUCT = YES;
			};
			name = Release;
		};
		D847CFEE29EFFDE7006A70B5 /* Debug */ = {
			isa = XCBuildConfiguration;
			buildSettings = {
				ASSETCATALOG_COMPILER_APPICON_NAME = AppIcon;
				ASSETCATALOG_COMPILER_GLOBAL_ACCENT_COLOR_NAME = AccentColor;
				CODE_SIGN_STYLE = Automatic;
				CURRENT_PROJECT_VERSION = 1;
				DEVELOPMENT_TEAM = L83LZMRLR7;
				GENERATE_INFOPLIST_FILE = YES;
				INFOPLIST_FILE = StorytelApp/Info.plist;
				INFOPLIST_KEY_UIApplicationSupportsIndirectInputEvents = YES;
				INFOPLIST_KEY_UILaunchStoryboardName = LaunchScreen.storyboard;
				INFOPLIST_KEY_UISupportedInterfaceOrientations_iPad = "UIInterfaceOrientationPortrait UIInterfaceOrientationPortraitUpsideDown UIInterfaceOrientationLandscapeLeft UIInterfaceOrientationLandscapeRight";
				INFOPLIST_KEY_UISupportedInterfaceOrientations_iPhone = "UIInterfaceOrientationPortrait UIInterfaceOrientationLandscapeLeft UIInterfaceOrientationLandscapeRight";
				LD_RUNPATH_SEARCH_PATHS = (
					"$(inherited)",
					"@executable_path/Frameworks",
				);
				MARKETING_VERSION = 1.0;
				PRODUCT_BUNDLE_IDENTIFIER = com.example.StorytelApp.test;
				PRODUCT_NAME = "$(TARGET_NAME)";
				SWIFT_EMIT_LOC_STRINGS = YES;
				SWIFT_VERSION = 5.0;
				TARGETED_DEVICE_FAMILY = "1,2";
			};
			name = Debug;
		};
		D847CFEF29EFFDE7006A70B5 /* Release */ = {
			isa = XCBuildConfiguration;
			buildSettings = {
				ASSETCATALOG_COMPILER_APPICON_NAME = AppIcon;
				ASSETCATALOG_COMPILER_GLOBAL_ACCENT_COLOR_NAME = AccentColor;
				CODE_SIGN_STYLE = Automatic;
				CURRENT_PROJECT_VERSION = 1;
				DEVELOPMENT_TEAM = L83LZMRLR7;
				GENERATE_INFOPLIST_FILE = YES;
				INFOPLIST_FILE = StorytelApp/Info.plist;
				INFOPLIST_KEY_UIApplicationSupportsIndirectInputEvents = YES;
				INFOPLIST_KEY_UILaunchStoryboardName = LaunchScreen.storyboard;
				INFOPLIST_KEY_UISupportedInterfaceOrientations_iPad = "UIInterfaceOrientationPortrait UIInterfaceOrientationPortraitUpsideDown UIInterfaceOrientationLandscapeLeft UIInterfaceOrientationLandscapeRight";
				INFOPLIST_KEY_UISupportedInterfaceOrientations_iPhone = "UIInterfaceOrientationPortrait UIInterfaceOrientationLandscapeLeft UIInterfaceOrientationLandscapeRight";
				LD_RUNPATH_SEARCH_PATHS = (
					"$(inherited)",
					"@executable_path/Frameworks",
				);
				MARKETING_VERSION = 1.0;
				PRODUCT_BUNDLE_IDENTIFIER = com.example.StorytelApp.test;
				PRODUCT_NAME = "$(TARGET_NAME)";
				SWIFT_EMIT_LOC_STRINGS = YES;
				SWIFT_VERSION = 5.0;
				TARGETED_DEVICE_FAMILY = "1,2";
			};
			name = Release;
		};
		D847CFF129EFFDE7006A70B5 /* Debug */ = {
			isa = XCBuildConfiguration;
			buildSettings = {
				ALWAYS_EMBED_SWIFT_STANDARD_LIBRARIES = YES;
				BUNDLE_LOADER = "$(TEST_HOST)";
				CODE_SIGN_STYLE = Automatic;
				CURRENT_PROJECT_VERSION = 1;
				GENERATE_INFOPLIST_FILE = YES;
				IPHONEOS_DEPLOYMENT_TARGET = 16.4;
				MARKETING_VERSION = 1.0;
				PRODUCT_BUNDLE_IDENTIFIER = com.example.StorytelAppTests;
				PRODUCT_NAME = "$(TARGET_NAME)";
				SWIFT_EMIT_LOC_STRINGS = NO;
				SWIFT_VERSION = 5.0;
				TARGETED_DEVICE_FAMILY = "1,2";
				TEST_HOST = "$(BUILT_PRODUCTS_DIR)/StorytelApp.app/$(BUNDLE_EXECUTABLE_FOLDER_PATH)/StorytelApp";
			};
			name = Debug;
		};
		D847CFF229EFFDE7006A70B5 /* Release */ = {
			isa = XCBuildConfiguration;
			buildSettings = {
				ALWAYS_EMBED_SWIFT_STANDARD_LIBRARIES = YES;
				BUNDLE_LOADER = "$(TEST_HOST)";
				CODE_SIGN_STYLE = Automatic;
				CURRENT_PROJECT_VERSION = 1;
				GENERATE_INFOPLIST_FILE = YES;
				IPHONEOS_DEPLOYMENT_TARGET = 16.4;
				MARKETING_VERSION = 1.0;
				PRODUCT_BUNDLE_IDENTIFIER = com.example.StorytelAppTests;
				PRODUCT_NAME = "$(TARGET_NAME)";
				SWIFT_EMIT_LOC_STRINGS = NO;
				SWIFT_VERSION = 5.0;
				TARGETED_DEVICE_FAMILY = "1,2";
				TEST_HOST = "$(BUILT_PRODUCTS_DIR)/StorytelApp.app/$(BUNDLE_EXECUTABLE_FOLDER_PATH)/StorytelApp";
			};
			name = Release;
		};
/* End XCBuildConfiguration section */

/* Begin XCConfigurationList section */
		D847CFBE29EFFDE6006A70B5 /* Build configuration list for PBXProject "StorytelApp" */ = {
			isa = XCConfigurationList;
			buildConfigurations = (
				D847CFEB29EFFDE7006A70B5 /* Debug */,
				D847CFEC29EFFDE7006A70B5 /* Release */,
			);
			defaultConfigurationIsVisible = 0;
			defaultConfigurationName = Release;
		};
		D847CFED29EFFDE7006A70B5 /* Build configuration list for PBXNativeTarget "StorytelApp" */ = {
			isa = XCConfigurationList;
			buildConfigurations = (
				D847CFEE29EFFDE7006A70B5 /* Debug */,
				D847CFEF29EFFDE7006A70B5 /* Release */,
			);
			defaultConfigurationIsVisible = 0;
			defaultConfigurationName = Release;
		};
		D847CFF029EFFDE7006A70B5 /* Build configuration list for PBXNativeTarget "StorytelAppTests" */ = {
			isa = XCConfigurationList;
			buildConfigurations = (
				D847CFF129EFFDE7006A70B5 /* Debug */,
				D847CFF229EFFDE7006A70B5 /* Release */,
			);
			defaultConfigurationIsVisible = 0;
			defaultConfigurationName = Release;
		};
/* End XCConfigurationList section */
	};
	rootObject = D847CFBB29EFFDE6006A70B5 /* Project object */;
}
